
Microsoft Visual Studio Solution File, Format Version 12.00
# Visual Studio Version 17
VisualStudioVersion = 17.6.33815.320
MinimumVisualStudioVersion = 10.0.40219.1
Project("{FAE04EC0-301F-11D3-BF4B-00C04F79EFBC}") = "MySharedLibrary", "MySharedLibrary\MySharedLibrary.csproj", "{A0CD6608-C1C6-41ED-A98F-6543010CF556}"
EndProject
Global
	GlobalSection(SolutionConfigurationPlatforms) = preSolution
		Debug|Any CPU = Debug|Any CPU
		Release|Any CPU = Release|Any CPU
	EndGlobalSection
	GlobalSection(ProjectConfigurationPlatforms) = postSolution
		{A0CD6608-C1C6-41ED-A98F-6543010CF556}.Debug|Any CPU.ActiveCfg = Debug|Any CPU
		{A0CD6608-C1C6-41ED-A98F-6543010CF556}.Debug|Any CPU.Build.0 = Debug|Any CPU
		{A0CD6608-C1C6-41ED-A98F-6543010CF556}.Release|Any CPU.ActiveCfg = Release|Any CPU
		{A0CD6608-C1C6-41ED-A98F-6543010CF556}.Release|Any CPU.Build.0 = Release|Any CPU
	EndGlobalSection
	GlobalSection(SolutionProperties) = preSolution
		HideSolutionNode = FALSE
	EndGlobalSection
	GlobalSection(ExtensibilityGlobals) = postSolution
		SolutionGuid = {8FCF967E-A886-48F1-8444-78701A068567}
	EndGlobalSection
EndGlobal
